
Microsoft Visual Studio Solution File, Format Version 12.00
# Visual Studio 14
VisualStudioVersion = 14.0.25123.0
MinimumVisualStudioVersion = 10.0.40219.1
Project("{FAE04EC0-301F-11D3-BF4B-00C04F79EFBC}") = "Andead.Utils", "Andead.Utils.csproj", "{6B25CCCB-1160-4070-94B5-EEE6756D11CC}"
EndProject
Project("{FAE04EC0-301F-11D3-BF4B-00C04F79EFBC}") = "Program", "..\ClassLibrary3\Program.csproj", "{F0E4D1EA-1485-4A20-883B-505DC57A85B9}"
EndProject
Global
	GlobalSection(SolutionConfigurationPlatforms) = preSolution
		Debug|Any CPU = Debug|Any CPU
		Release|Any CPU = Release|Any CPU
	EndGlobalSection
	GlobalSection(ProjectConfigurationPlatforms) = postSolution
		{6B25CCCB-1160-4070-94B5-EEE6756D11CC}.Debug|Any CPU.ActiveCfg = Debug|Any CPU
		{6B25CCCB-1160-4070-94B5-EEE6756D11CC}.Debug|Any CPU.Build.0 = Debug|Any CPU
		{6B25CCCB-1160-4070-94B5-EEE6756D11CC}.Release|Any CPU.ActiveCfg = Release|Any CPU
		{6B25CCCB-1160-4070-94B5-EEE6756D11CC}.Release|Any CPU.Build.0 = Release|Any CPU
		{F0E4D1EA-1485-4A20-883B-505DC57A85B9}.Debug|Any CPU.ActiveCfg = Debug|Any CPU
		{F0E4D1EA-1485-4A20-883B-505DC57A85B9}.Debug|Any CPU.Build.0 = Debug|Any CPU
		{F0E4D1EA-1485-4A20-883B-505DC57A85B9}.Release|Any CPU.ActiveCfg = Release|Any CPU
		{F0E4D1EA-1485-4A20-883B-505DC57A85B9}.Release|Any CPU.Build.0 = Release|Any CPU
	EndGlobalSection
	GlobalSection(SolutionProperties) = preSolution
		HideSolutionNode = FALSE
	EndGlobalSection
EndGlobal
